
Microsoft Visual Studio Solution File, Format Version 12.00
# Visual Studio Version 17
VisualStudioVersion = 17.5.002.0
MinimumVisualStudioVersion = 10.0.40219.1
Project("{9A19103F-16F7-4668-BE54-9A1E7A4F7556}") = "daRoca_backend", "daRoca_backend.csproj", "{0D5B5EFE-10E6-46DA-9F88-481E49B793C4}"
EndProject
Global
	GlobalSection(SolutionConfigurationPlatforms) = preSolution
		Debug|Any CPU = Debug|Any CPU
		Release|Any CPU = Release|Any CPU
	EndGlobalSection
	GlobalSection(ProjectConfigurationPlatforms) = postSolution
		{0D5B5EFE-10E6-46DA-9F88-481E49B793C4}.Debug|Any CPU.ActiveCfg = Debug|Any CPU
		{0D5B5EFE-10E6-46DA-9F88-481E49B793C4}.Debug|Any CPU.Build.0 = Debug|Any CPU
		{0D5B5EFE-10E6-46DA-9F88-481E49B793C4}.Release|Any CPU.ActiveCfg = Release|Any CPU
		{0D5B5EFE-10E6-46DA-9F88-481E49B793C4}.Release|Any CPU.Build.0 = Release|Any CPU
	EndGlobalSection
	GlobalSection(SolutionProperties) = preSolution
		HideSolutionNode = FALSE
	EndGlobalSection
	GlobalSection(ExtensibilityGlobals) = postSolution
		SolutionGuid = {259006C5-7CBA-49EA-A5B2-C14ADBFE1542}
	EndGlobalSection
EndGlobal
